
Microsoft Visual Studio Solution File, Format Version 12.00
# Visual Studio 15
VisualStudioVersion = 15.0.26430.6
MinimumVisualStudioVersion = 10.0.40219.1
Project("{FAE04EC0-301F-11D3-BF4B-00C04F79EFBC}") = "PowerTools", "PowerTools\PowerTools.csproj", "{ABFEC6AA-E4FD-4018-8FAC-C244E028C13F}"
	ProjectSection(ProjectDependencies) = postProject
		{004CA89F-C375-43CF-9354-211BA2BE2089} = {004CA89F-C375-43CF-9354-211BA2BE2089}
	EndProjectSection
EndProject
Project("{8BC9CEB8-8B4A-11D0-8D11-00A0C91BC942}") = "PowerToolsHelper", "PowerToolsHelper\PowerToolsHelper.vcxproj", "{004CA89F-C375-43CF-9354-211BA2BE2089}"
EndProject
Global
	GlobalSection(SolutionConfigurationPlatforms) = preSolution
		Debug|Any CPU = Debug|Any CPU
		Debug|x64 = Debug|x64
		Debug|x86 = Debug|x86
		Release|Any CPU = Release|Any CPU
		Release|x64 = Release|x64
		Release|x86 = Release|x86
	EndGlobalSection
	GlobalSection(ProjectConfigurationPlatforms) = postSolution
		{ABFEC6AA-E4FD-4018-8FAC-C244E028C13F}.Debug|Any CPU.ActiveCfg = Debug|Any CPU
		{ABFEC6AA-E4FD-4018-8FAC-C244E028C13F}.Debug|Any CPU.Build.0 = Debug|Any CPU
		{ABFEC6AA-E4FD-4018-8FAC-C244E028C13F}.Debug|x64.ActiveCfg = Debug|Any CPU
		{ABFEC6AA-E4FD-4018-8FAC-C244E028C13F}.Debug|x64.Build.0 = Debug|Any CPU
		{ABFEC6AA-E4FD-4018-8FAC-C244E028C13F}.Debug|x86.ActiveCfg = Debug|x86
		{ABFEC6AA-E4FD-4018-8FAC-C244E028C13F}.Debug|x86.Build.0 = Debug|x86
		{ABFEC6AA-E4FD-4018-8FAC-C244E028C13F}.Release|Any CPU.ActiveCfg = Release|Any CPU
		{ABFEC6AA-E4FD-4018-8FAC-C244E028C13F}.Release|Any CPU.Build.0 = Release|Any CPU
		{ABFEC6AA-E4FD-4018-8FAC-C244E028C13F}.Release|x64.ActiveCfg = Release|Any CPU
		{ABFEC6AA-E4FD-4018-8FAC-C244E028C13F}.Release|x64.Build.0 = Release|Any CPU
		{ABFEC6AA-E4FD-4018-8FAC-C244E028C13F}.Release|x86.ActiveCfg = Release|x86
		{ABFEC6AA-E4FD-4018-8FAC-C244E028C13F}.Release|x86.Build.0 = Release|x86
		{004CA89F-C375-43CF-9354-211BA2BE2089}.Debug|Any CPU.ActiveCfg = Debug|Win32
		{004CA89F-C375-43CF-9354-211BA2BE2089}.Debug|x64.ActiveCfg = Debug|x64
		{004CA89F-C375-43CF-9354-211BA2BE2089}.Debug|x64.Build.0 = Debug|x64
		{004CA89F-C375-43CF-9354-211BA2BE2089}.Debug|x86.ActiveCfg = Debug|Win32
		{004CA89F-C375-43CF-9354-211BA2BE2089}.Debug|x86.Build.0 = Debug|Win32
		{004CA89F-C375-43CF-9354-211BA2BE2089}.Release|Any CPU.ActiveCfg = Release|Win32
		{004CA89F-C375-43CF-9354-211BA2BE2089}.Release|x64.ActiveCfg = Release|x64
		{004CA89F-C375-43CF-9354-211BA2BE2089}.Release|x64.Build.0 = Release|x64
		{004CA89F-C375-43CF-9354-211BA2BE2089}.Release|x86.ActiveCfg = Release|Win32
		{004CA89F-C375-43CF-9354-211BA2BE2089}.Release|x86.Build.0 = Release|Win32
	EndGlobalSection
	GlobalSection(SolutionProperties) = preSolution
		HideSolutionNode = FALSE
	EndGlobalSection
EndGlobal
